// !$*UTF8*$!
{
	archiveVersion = 1;
	classes = {
	};
	objectVersion = 77;
	objects = {

/* Begin PBXContainerItemProxy section */
		22DB24702E3F3CB400BC48D3 /* PBXContainerItemProxy */ = {
			isa = PBXContainerItemProxy;
			containerPortal = 22DB245A2E3F3CB200BC48D3 /* Project object */;
			proxyType = 1;
			remoteGlobalIDString = 22DB24612E3F3CB200BC48D3;
			remoteInfo = ANIS;
		};
		22DB247A2E3F3CB400BC48D3 /* PBXContainerItemProxy */ = {
			isa = PBXContainerItemProxy;
			containerPortal = 22DB245A2E3F3CB200BC48D3 /* Project object */;
			proxyType = 1;
			remoteGlobalIDString = 22DB24612E3F3CB200BC48D3;
			remoteInfo = ANIS;
		};
/* End PBXContainerItemProxy section */

/* Begin PBXFileReference section */
		22DB24622E3F3CB200BC48D3 /* ANIS.app */ = {isa = PBXFileReference; explicitFileType = wrapper.application; includeInIndex = 0; path = ANIS.app; sourceTree = BUILT_PRODUCTS_DIR; };
		22DB246F2E3F3CB400BC48D3 /* ANISTests.xctest */ = {isa = PBXFileReference; explicitFileType = wrapper.cfbundle; includeInIndex = 0; path = ANISTests.xctest; sourceTree = BUILT_PRODUCTS_DIR; };
		22DB24792E3F3CB400BC48D3 /* ANISUITests.xctest */ = {isa = PBXFileReference; explicitFileType = wrapper.cfbundle; includeInIndex = 0; path = ANISUITests.xctest; sourceTree = BUILT_PRODUCTS_DIR; };
/* End PBXFileReference section */

/* Begin PBXFileSystemSynchronizedRootGroup section */
		22DB24642E3F3CB200BC48D3 /* ANISApp */ = {
			isa = PBXFileSystemSynchronizedRootGroup;
			path = ANISApp;
			sourceTree = "<group>";
		};
		22DB24722E3F3CB400BC48D3 /* ANISTests */ = {
			isa = PBXFileSystemSynchronizedRootGroup;
			path = ANISTests;
			sourceTree = "<group>";
		};
		22DB247C2E3F3CB400BC48D3 /* ANISUITests */ = {
			isa = PBXFileSystemSynchronizedRootGroup;
			path = ANISUITests;
			sourceTree = "<group>";
		};
/* End PBXFileSystemSynchronizedRootGroup section */

/* Begin PBXFrameworksBuildPhase section */
		22DB245F2E3F3CB200BC48D3 /* Frameworks */ = {
			isa = PBXFrameworksBuildPhase;
			buildActionMask = 2147483647;
			files = (
			);
			runOnlyForDeploymentPostprocessing = 0;
		};
		22DB246C2E3F3CB400BC48D3 /* Frameworks */ = {
			isa = PBXFrameworksBuildPhase;
			buildActionMask = 2147483647;
			files = (
			);
			runOnlyForDeploymentPostprocessing = 0;
		};
		22DB24762E3F3CB400BC48D3 /* Frameworks */ = {
			isa = PBXFrameworksBuildPhase;
			buildActionMask = 2147483647;
			files = (
			);
			runOnlyForDeploymentPostprocessing = 0;
		};
/* End PBXFrameworksBuildPhase section */

/* Begin PBXGroup section */
		22DB24592E3F3CB200BC48D3 = {
			isa = PBXGroup;
			children = (
				22DB24642E3F3CB200BC48D3 /* ANISApp */,
				22DB24722E3F3CB400BC48D3 /* ANISTests */,
				22DB247C2E3F3CB400BC48D3 /* ANISUITests */,
				22DB24632E3F3CB200BC48D3 /* Products */,
			);
			sourceTree = "<group>";
		};
		22DB24632E3F3CB200BC48D3 /* Products */ = {
			isa = PBXGroup;
			children = (
				22DB24622E3F3CB200BC48D3 /* ANIS.app */,
				22DB246F2E3F3CB400BC48D3 /* ANISTests.xctest */,
				22DB24792E3F3CB400BC48D3 /* ANISUITests.xctest */,
			);
			name = Products;
			sourceTree = "<group>";
		};
/* End PBXGroup section */

/* Begin PBXNativeTarget section */
		22DB24612E3F3CB200BC48D3 /* ANIS */ = {
			isa = PBXNativeTarget;
			buildConfigurationList = 22DB24832E3F3CB400BC48D3 /* Build configuration list for PBXNativeTarget "ANIS" */;
			buildPhases = (
				22DB245E2E3F3CB200BC48D3 /* Sources */,
				22DB245F2E3F3CB200BC48D3 /* Frameworks */,
				22DB24602E3F3CB200BC48D3 /* Resources */,
			);
			buildRules = (
			);
			dependencies = (
			);
			fileSystemSynchronizedGroups = (
				22DB24642E3F3CB200BC48D3 /* ANISApp */,
			);
			name = ANIS;
			packageProductDependencies = (
			);
			productName = ANIS;
			productReference = 22DB24622E3F3CB200BC48D3 /* ANIS.app */;
			productType = "com.apple.product-type.application";
		};
		22DB246E2E3F3CB400BC48D3 /* ANISTests */ = {
			isa = PBXNativeTarget;
			buildConfigurationList = 22DB24862E3F3CB400BC48D3 /* Build configuration list for PBXNativeTarget "ANISTests" */;
			buildPhases = (
				22DB246B2E3F3CB400BC48D3 /* Sources */,
				22DB246C2E3F3CB400BC48D3 /* Frameworks */,
				22DB246D2E3F3CB400BC48D3 /* Resources */,
			);
			buildRules = (
			);
			dependencies = (
				22DB24712E3F3CB400BC48D3 /* PBXTargetDependency */,
			);
			fileSystemSynchronizedGroups = (
				22DB24722E3F3CB400BC48D3 /* ANISTests */,
			);
			name = ANISTests;
			packageProductDependencies = (
			);
			productName = ANISTests;
			productReference = 22DB246F2E3F3CB400BC48D3 /* ANISTests.xctest */;
			productType = "com.apple.product-type.bundle.unit-test";
		};
		22DB24782E3F3CB400BC48D3 /* ANISUITests */ = {
			isa = PBXNativeTarget;
			buildConfigurationList = 22DB24892E3F3CB400BC48D3 /* Build configuration list for PBXNativeTarget "ANISUITests" */;
			buildPhases = (
				22DB24752E3F3CB400BC48D3 /* Sources */,
				22DB24762E3F3CB400BC48D3 /* Frameworks */,
				22DB24772E3F3CB400BC48D3 /* Resources */,
			);
			buildRules = (
			);
			dependencies = (
				22DB247B2E3F3CB400BC48D3 /* PBXTargetDependency */,
			);
			fileSystemSynchronizedGroups = (
				22DB247C2E3F3CB400BC48D3 /* ANISUITests */,
			);
			name = ANISUITests;
			packageProductDependencies = (
			);
			productName = ANISUITests;
			productReference = 22DB24792E3F3CB400BC48D3 /* ANISUITests.xctest */;
			productType = "com.apple.product-type.bundle.ui-testing";
		};
/* End PBXNativeTarget section */

/* Begin PBXProject section */
		22DB245A2E3F3CB200BC48D3 /* Project object */ = {
			isa = PBXProject;
			attributes = {
				BuildIndependentTargetsInParallel = 1;
				LastSwiftUpdateCheck = 1640;
				LastUpgradeCheck = 1640;
				TargetAttributes = {
					22DB24612E3F3CB200BC48D3 = {
						CreatedOnToolsVersion = 16.4;
					};
					22DB246E2E3F3CB400BC48D3 = {
						CreatedOnToolsVersion = 16.4;
						TestTargetID = 22DB24612E3F3CB200BC48D3;
					};
					22DB24782E3F3CB400BC48D3 = {
						CreatedOnToolsVersion = 16.4;
						TestTargetID = 22DB24612E3F3CB200BC48D3;
					};
				};
			};
			buildConfigurationList = 22DB245D2E3F3CB200BC48D3 /* Build configuration list for PBXProject "ANIS" */;
			developmentRegion = en;
			hasScannedForEncodings = 0;
			knownRegions = (
				en,
				Base,
			);
			mainGroup = 22DB24592E3F3CB200BC48D3;
			minimizedProjectReferenceProxies = 1;
			preferredProjectObjectVersion = 77;
			productRefGroup = 22DB24632E3F3CB200BC48D3 /* Products */;
			projectDirPath = "";
			projectRoot = "";
			targets = (
				22DB24612E3F3CB200BC48D3 /* ANIS */,
				22DB246E2E3F3CB400BC48D3 /* ANISTests */,
				22DB24782E3F3CB400BC48D3 /* ANISUITests */,
			);
		};
/* End PBXProject section */

/* Begin PBXResourcesBuildPhase section */
		22DB24602E3F3CB200BC48D3 /* Resources */ = {
			isa = PBXResourcesBuildPhase;
			buildActionMask = 2147483647;
			files = (
			);
			runOnlyForDeploymentPostprocessing = 0;
		};
		22DB246D2E3F3CB400BC48D3 /* Resources */ = {
			isa = PBXResourcesBuildPhase;
			buildActionMask = 2147483647;
			files = (
			);
			runOnlyForDeploymentPostprocessing = 0;
		};
		22DB24772E3F3CB400BC48D3 /* Resources */ = {
			isa = PBXResourcesBuildPhase;
			buildActionMask = 2147483647;
			files = (
			);
			runOnlyForDeploymentPostprocessing = 0;
		};
/* End PBXResourcesBuildPhase section */

/* Begin PBXSourcesBuildPhase section */
		22DB245E2E3F3CB200BC48D3 /* Sources */ = {
			isa = PBXSourcesBuildPhase;
			buildActionMask = 2147483647;
			files = (
			);
			runOnlyForDeploymentPostprocessing = 0;
		};
		22DB246B2E3F3CB400BC48D3 /* Sources */ = {
			isa = PBXSourcesBuildPhase;
			buildActionMask = 2147483647;
			files = (
			);
			runOnlyForDeploymentPostprocessing = 0;
		};
		22DB24752E3F3CB400BC48D3 /* Sources */ = {
			isa = PBXSourcesBuildPhase;
			buildActionMask = 2147483647;
			files = (
			);
			runOnlyForDeploymentPostprocessing = 0;
		};
/* End PBXSourcesBuildPhase section */

/* Begin PBXTargetDependency section */
		22DB24712E3F3CB400BC48D3 /* PBXTargetDependency */ = {
			isa = PBXTargetDependency;
			target = 22DB24612E3F3CB200BC48D3 /* ANIS */;
			targetProxy = 22DB24702E3F3CB400BC48D3 /* PBXContainerItemProxy */;
		};
		22DB247B2E3F3CB400BC48D3 /* PBXTargetDependency */ = {
			isa = PBXTargetDependency;
			target = 22DB24612E3F3CB200BC48D3 /* ANIS */;
			targetProxy = 22DB247A2E3F3CB400BC48D3 /* PBXContainerItemProxy */;
		};
/* End PBXTargetDependency section */

/* Begin XCBuildConfiguration section */
		22DB24812E3F3CB400BC48D3 /* Debug */ = {
			isa = XCBuildConfiguration;
			buildSettings = {
				ALWAYS_SEARCH_USER_PATHS = NO;
				ASSETCATALOG_COMPILER_GENERATE_SWIFT_ASSET_SYMBOL_EXTENSIONS = YES;
				CLANG_ANALYZER_NONNULL = YES;
				CLANG_ANALYZER_NUMBER_OBJECT_CONVERSION = YES_AGGRESSIVE;
				CLANG_CXX_LANGUAGE_STANDARD = "gnu++20";
				CLANG_ENABLE_MODULES = YES;
				CLANG_ENABLE_OBJC_ARC = YES;
				CLANG_ENABLE_OBJC_WEAK = YES;
				CLANG_WARN_BLOCK_CAPTURE_AUTORELEASING = YES;
				CLANG_WARN_BOOL_CONVERSION = YES;
				CLANG_WARN_COMMA = YES;
				CLANG_WARN_CONSTANT_CONVERSION = YES;
				CLANG_WARN_DEPRECATED_OBJC_IMPLEMENTATIONS = YES;
				CLANG_WARN_DIRECT_OBJC_ISA_USAGE = YES_ERROR;
				CLANG_WARN_DOCUMENTATION_COMMENTS = YES;
				CLANG_WARN_EMPTY_BODY = YES;
				CLANG_WARN_ENUM_CONVERSION = YES;
				CLANG_WARN_INFINITE_RECURSION = YES;
				CLANG_WARN_INT_CONVERSION = YES;
				CLANG_WARN_NON_LITERAL_NULL_CONVERSION = YES;
				CLANG_WARN_OBJC_IMPLICIT_RETAIN_SELF = YES;
				CLANG_WARN_OBJC_LITERAL_CONVERSION = YES;
				CLANG_WARN_OBJC_ROOT_CLASS = YES_ERROR;
				CLANG_WARN_QUOTED_INCLUDE_IN_FRAMEWORK_HEADER = YES;
				CLANG_WARN_RANGE_LOOP_ANALYSIS = YES;
				CLANG_WARN_STRICT_PROTOTYPES = YES;
				CLANG_WARN_SUSPICIOUS_MOVE = YES;
				CLANG_WARN_UNGUARDED_AVAILABILITY = YES_AGGRESSIVE;
				CLANG_WARN_UNREACHABLE_CODE = YES;
				CLANG_WARN__DUPLICATE_METHOD_MATCH = YES;
				COPY_PHASE_STRIP = NO;
				DEBUG_INFORMATION_FORMAT = dwarf;
				ENABLE_STRICT_OBJC_MSGSEND = YES;
				ENABLE_TESTABILITY = YES;
				ENABLE_USER_SCRIPT_SANDBOXING = YES;
				GCC_C_LANGUAGE_STANDARD = gnu17;
				GCC_DYNAMIC_NO_PIC = NO;
				GCC_NO_COMMON_BLOCKS = YES;
				GCC_OPTIMIZATION_LEVEL = 0;
				GCC_PREPROCESSOR_DEFINITIONS = (
					"DEBUG=1",
					"$(inherited)",
				);
				GCC_WARN_64_TO_32_BIT_CONVERSION = YES;
				GCC_WARN_ABOUT_RETURN_TYPE = YES_ERROR;
				GCC_WARN_UNDECLARED_SELECTOR = YES;
				GCC_WARN_UNINITIALIZED_AUTOS = YES_AGGRESSIVE;
				GCC_WARN_UNUSED_FUNCTION = YES;
				GCC_WARN_UNUSED_VARIABLE = YES;
				IPHONEOS_DEPLOYMENT_TARGET = 18.5;
				LOCALIZATION_PREFERS_STRING_CATALOGS = YES;
				MTL_ENABLE_DEBUG_INFO = INCLUDE_SOURCE;
				MTL_FAST_MATH = YES;
				ONLY_ACTIVE_ARCH = YES;
				SDKROOT = iphoneos;
				SWIFT_ACTIVE_COMPILATION_CONDITIONS = "DEBUG $(inherited)";
				SWIFT_OPTIMIZATION_LEVEL = "-Onone";
			};
			name = Debug;
		};
		22DB24822E3F3CB400BC48D3 /* Release */ = {
			isa = XCBuildConfiguration;
			buildSettings = {
				ALWAYS_SEARCH_USER_PATHS = NO;
				ASSETCATALOG_COMPILER_GENERATE_SWIFT_ASSET_SYMBOL_EXTENSIONS = YES;
				CLANG_ANALYZER_NONNULL = YES;
				CLANG_ANALYZER_NUMBER_OBJECT_CONVERSION = YES_AGGRESSIVE;
				CLANG_CXX_LANGUAGE_STANDARD = "gnu++20";
				CLANG_ENABLE_MODULES = YES;
				CLANG_ENABLE_OBJC_ARC = YES;
				CLANG_ENABLE_OBJC_WEAK = YES;
				CLANG_WARN_BLOCK_CAPTURE_AUTORELEASING = YES;
				CLANG_WARN_BOOL_CONVERSION = YES;
				CLANG_WARN_COMMA = YES;
				CLANG_WARN_CONSTANT_CONVERSION = YES;
				CLANG_WARN_DEPRECATED_OBJC_IMPLEMENTATIONS = YES;
				CLANG_WARN_DIRECT_OBJC_ISA_USAGE = YES_ERROR;
				CLANG_WARN_DOCUMENTATION_COMMENTS = YES;
				CLANG_WARN_EMPTY_BODY = YES;
				CLANG_WARN_ENUM_CONVERSION = YES;
				CLANG_WARN_INFINITE_RECURSION = YES;
				CLANG_WARN_INT_CONVERSION = YES;
				CLANG_WARN_NON_LITERAL_NULL_CONVERSION = YES;
				CLANG_WARN_OBJC_IMPLICIT_RETAIN_SELF = YES;
				CLANG_WARN_OBJC_LITERAL_CONVERSION = YES;
				CLANG_WARN_OBJC_ROOT_CLASS = YES_ERROR;
				CLANG_WARN_QUOTED_INCLUDE_IN_FRAMEWORK_HEADER = YES;
				CLANG_WARN_RANGE_LOOP_ANALYSIS = YES;
				CLANG_WARN_STRICT_PROTOTYPES = YES;
				CLANG_WARN_SUSPICIOUS_MOVE = YES;
				CLANG_WARN_UNGUARDED_AVAILABILITY = YES_AGGRESSIVE;
				CLANG_WARN_UNREACHABLE_CODE = YES;
				CLANG_WARN__DUPLICATE_METHOD_MATCH = YES;
				COPY_PHASE_STRIP = NO;
				DEBUG_INFORMATION_FORMAT = "dwarf-with-dsym";
				ENABLE_NS_ASSERTIONS = NO;
				ENABLE_STRICT_OBJC_MSGSEND = YES;
				ENABLE_USER_SCRIPT_SANDBOXING = YES;
				GCC_C_LANGUAGE_STANDARD = gnu17;
				GCC_NO_COMMON_BLOCKS = YES;
				GCC_WARN_64_TO_32_BIT_CONVERSION = YES;
				GCC_WARN_ABOUT_RETURN_TYPE = YES_ERROR;
				GCC_WARN_UNDECLARED_SELECTOR = YES;
				GCC_WARN_UNINITIALIZED_AUTOS = YES_AGGRESSIVE;
				GCC_WARN_UNUSED_FUNCTION = YES;
				GCC_WARN_UNUSED_VARIABLE = YES;
				IPHONEOS_DEPLOYMENT_TARGET = 18.5;
				LOCALIZATION_PREFERS_STRING_CATALOGS = YES;
				MTL_ENABLE_DEBUG_INFO = NO;
				MTL_FAST_MATH = YES;
				SDKROOT = iphoneos;
				SWIFT_COMPILATION_MODE = wholemodule;
				VALIDATE_PRODUCT = YES;
			};
			name = Release;
		};
        22DB24842E3F3CB400BC48D3 /* Debug */ = {
			isa = XCBuildConfiguration;
			buildSettings = {
				ASSETCATALOG_COMPILER_APPICON_NAME = AppIcon;
				ASSETCATALOG_COMPILER_GLOBAL_ACCENT_COLOR_NAME = AccentColor;
				CODE_SIGN_STYLE = Automatic;
				CURRENT_PROJECT_VERSION = 1;
				DEVELOPMENT_TEAM = 3R75JJ3AP7;
                ENABLE_PREVIEWS = NO;
				GENERATE_INFOPLIST_FILE = YES;
                INFOPLIST_KEY_NSPhotoLibraryAddUsageDescription = "We use this to save your selected profile photo.";
                INFOPLIST_KEY_NSPhotoLibraryUsageDescription = "We use this to let you select a profile photo.";
				INFOPLIST_KEY_UIApplicationSceneManifest_Generation = YES;
				INFOPLIST_KEY_UIApplicationSupportsIndirectInputEvents = YES;
				INFOPLIST_KEY_UILaunchScreen_Generation = YES;
				INFOPLIST_KEY_UISupportedInterfaceOrientations_iPad = "UIInterfaceOrientationPortrait UIInterfaceOrientationPortraitUpsideDown UIInterfaceOrientationLandscapeLeft UIInterfaceOrientationLandscapeRight";
				INFOPLIST_KEY_UISupportedInterfaceOrientations_iPhone = "UIInterfaceOrientationPortrait UIInterfaceOrientationLandscapeLeft UIInterfaceOrientationLandscapeRight";
				LD_RUNPATH_SEARCH_PATHS = (
					"$(inherited)",
					"@executable_path/Frameworks",
				);
				MARKETING_VERSION = 1.0;
				PRODUCT_BUNDLE_IDENTIFIER = "-3.ANIS";
				PRODUCT_NAME = "$(TARGET_NAME)";
				SWIFT_EMIT_LOC_STRINGS = YES;
				SWIFT_VERSION = 5.0;
				TARGETED_DEVICE_FAMILY = "1,2";
			};
			name = Debug;
		};
        22DB24852E3F3CB400BC48D3 /* Release */ = {
			isa = XCBuildConfiguration;
			buildSettings = {
				ASSETCATALOG_COMPILER_APPICON_NAME = AppIcon;
				ASSETCATALOG_COMPILER_GLOBAL_ACCENT_COLOR_NAME = AccentColor;
				CODE_SIGN_STYLE = Automatic;
				CURRENT_PROJECT_VERSION = 1;
				DEVELOPMENT_TEAM = 3R75JJ3AP7;
                ENABLE_PREVIEWS = NO;
				GENERATE_INFOPLIST_FILE = YES;
                INFOPLIST_KEY_NSPhotoLibraryAddUsageDescription = "We use this to save your selected profile photo.";
                INFOPLIST_KEY_NSPhotoLibraryUsageDescription = "We use this to let you select a profile photo.";
				INFOPLIST_KEY_UIApplicationSceneManifest_Generation = YES;
				INFOPLIST_KEY_UIApplicationSupportsIndirectInputEvents = YES;
				INFOPLIST_KEY_UILaunchScreen_Generation = YES;
				INFOPLIST_KEY_UISupportedInterfaceOrientations_iPad = "UIInterfaceOrientationPortrait UIInterfaceOrientationPortraitUpsideDown UIInterfaceOrientationLandscapeLeft UIInterfaceOrientationLandscapeRight";
				INFOPLIST_KEY_UISupportedInterfaceOrientations_iPhone = "UIInterfaceOrientationPortrait UIInterfaceOrientationLandscapeLeft UIInterfaceOrientationLandscapeRight";
				LD_RUNPATH_SEARCH_PATHS = (
					"$(inherited)",
					"@executable_path/Frameworks",
				);
				MARKETING_VERSION = 1.0;
				PRODUCT_BUNDLE_IDENTIFIER = "-3.ANIS";
				PRODUCT_NAME = "$(TARGET_NAME)";
				SWIFT_EMIT_LOC_STRINGS = YES;
				SWIFT_VERSION = 5.0;
				TARGETED_DEVICE_FAMILY = "1,2";
			};
			name = Release;
		};
		22DB24872E3F3CB400BC48D3 /* Debug */ = {
			isa = XCBuildConfiguration;
			buildSettings = {
				BUNDLE_LOADER = "$(TEST_HOST)";
				CODE_SIGN_STYLE = Automatic;
				CURRENT_PROJECT_VERSION = 1;
				GENERATE_INFOPLIST_FILE = YES;
				IPHONEOS_DEPLOYMENT_TARGET = 18.5;
				MARKETING_VERSION = 1.0;
				PRODUCT_BUNDLE_IDENTIFIER = "-3.ANISTests";
				PRODUCT_NAME = "$(TARGET_NAME)";
				SWIFT_EMIT_LOC_STRINGS = NO;
				SWIFT_VERSION = 5.0;
				TARGETED_DEVICE_FAMILY = "1,2";
				TEST_HOST = "$(BUILT_PRODUCTS_DIR)/ANIS.app/$(BUNDLE_EXECUTABLE_FOLDER_PATH)/ANIS";
			};
			name = Debug;
		};
		22DB24882E3F3CB400BC48D3 /* Release */ = {
			isa = XCBuildConfiguration;
			buildSettings = {
				BUNDLE_LOADER = "$(TEST_HOST)";
				CODE_SIGN_STYLE = Automatic;
				CURRENT_PROJECT_VERSION = 1;
				GENERATE_INFOPLIST_FILE = YES;
				IPHONEOS_DEPLOYMENT_TARGET = 18.5;
				MARKETING_VERSION = 1.0;
				PRODUCT_BUNDLE_IDENTIFIER = "-3.ANISTests";
				PRODUCT_NAME = "$(TARGET_NAME)";
				SWIFT_EMIT_LOC_STRINGS = NO;
				SWIFT_VERSION = 5.0;
				TARGETED_DEVICE_FAMILY = "1,2";
				TEST_HOST = "$(BUILT_PRODUCTS_DIR)/ANIS.app/$(BUNDLE_EXECUTABLE_FOLDER_PATH)/ANIS";
			};
			name = Release;
		};
		22DB248A2E3F3CB400BC48D3 /* Debug */ = {
			isa = XCBuildConfiguration;
			buildSettings = {
				CODE_SIGN_STYLE = Automatic;
				CURRENT_PROJECT_VERSION = 1;
				GENERATE_INFOPLIST_FILE = YES;
				MARKETING_VERSION = 1.0;
				PRODUCT_BUNDLE_IDENTIFIER = "-3.ANISUITests";
				PRODUCT_NAME = "$(TARGET_NAME)";
				SWIFT_EMIT_LOC_STRINGS = NO;
				SWIFT_VERSION = 5.0;
				TARGETED_DEVICE_FAMILY = "1,2";
				TEST_TARGET_NAME = ANIS;
			};
			name = Debug;
		};
		22DB248B2E3F3CB400BC48D3 /* Release */ = {
			isa = XCBuildConfiguration;
			buildSettings = {
				CODE_SIGN_STYLE = Automatic;
				CURRENT_PROJECT_VERSION = 1;
				GENERATE_INFOPLIST_FILE = YES;
				MARKETING_VERSION = 1.0;
				PRODUCT_BUNDLE_IDENTIFIER = "-3.ANISUITests";
				PRODUCT_NAME = "$(TARGET_NAME)";
				SWIFT_EMIT_LOC_STRINGS = NO;
				SWIFT_VERSION = 5.0;
				TARGETED_DEVICE_FAMILY = "1,2";
				TEST_TARGET_NAME = ANIS;
			};
			name = Release;
		};
/* End XCBuildConfiguration section */

/* Begin XCConfigurationList section */
		22DB245D2E3F3CB200BC48D3 /* Build configuration list for PBXProject "ANIS" */ = {
			isa = XCConfigurationList;
			buildConfigurations = (
				22DB24812E3F3CB400BC48D3 /* Debug */,
				22DB24822E3F3CB400BC48D3 /* Release */,
			);
			defaultConfigurationIsVisible = 0;
			defaultConfigurationName = Release;
		};
		22DB24832E3F3CB400BC48D3 /* Build configuration list for PBXNativeTarget "ANIS" */ = {
			isa = XCConfigurationList;
			buildConfigurations = (
				22DB24842E3F3CB400BC48D3 /* Debug */,
				22DB24852E3F3CB400BC48D3 /* Release */,
			);
			defaultConfigurationIsVisible = 0;
			defaultConfigurationName = Release;
		};
		22DB24862E3F3CB400BC48D3 /* Build configuration list for PBXNativeTarget "ANISTests" */ = {
			isa = XCConfigurationList;
			buildConfigurations = (
				22DB24872E3F3CB400BC48D3 /* Debug */,
				22DB24882E3F3CB400BC48D3 /* Release */,
			);
			defaultConfigurationIsVisible = 0;
			defaultConfigurationName = Release;
		};
		22DB24892E3F3CB400BC48D3 /* Build configuration list for PBXNativeTarget "ANISUITests" */ = {
			isa = XCConfigurationList;
			buildConfigurations = (
				22DB248A2E3F3CB400BC48D3 /* Debug */,
				22DB248B2E3F3CB400BC48D3 /* Release */,
			);
			defaultConfigurationIsVisible = 0;
			defaultConfigurationName = Release;
		};
/* End XCConfigurationList section */
	};
	rootObject = 22DB245A2E3F3CB200BC48D3 /* Project object */;
}
